// !$*UTF8*$!
{
	archiveVersion = 1;
	classes = {
	};
	objectVersion = 56;
	objects = {

/* Begin PBXBuildFile section */
		83CFA06B2DE4EF1900FEDC29 /* AppDelegate.swift in Sources */ = {isa = PBXBuildFile; fileRef = 83CFA06A2DE4EF1900FEDC29 /* AppDelegate.swift */; };
		83CFA06D2DE4EF1900FEDC29 /* SceneDelegate.swift in Sources */ = {isa = PBXBuildFile; fileRef = 83CFA06C2DE4EF1900FEDC29 /* SceneDelegate.swift */; };
		83CFA06F2DE4EF1900FEDC29 /* HomeViewController.swift in Sources */ = {isa = PBXBuildFile; fileRef = 83CFA06E2DE4EF1900FEDC29 /* HomeViewController.swift */; };
		83CFA0742DE4EF1B00FEDC29 /* Assets.xcassets in Resources */ = {isa = PBXBuildFile; fileRef = 83CFA0732DE4EF1B00FEDC29 /* Assets.xcassets */; };
		83CFA0772DE4EF1B00FEDC29 /* Base in Resources */ = {isa = PBXBuildFile; fileRef = 83CFA0762DE4EF1B00FEDC29 /* Base */; };
		83CFA0822DE4EF1B00FEDC29 /* ArtGalleryAppTests.swift in Sources */ = {isa = PBXBuildFile; fileRef = 83CFA0812DE4EF1B00FEDC29 /* ArtGalleryAppTests.swift */; };
		83CFA08C2DE4EF1B00FEDC29 /* ArtGalleryAppUITests.swift in Sources */ = {isa = PBXBuildFile; fileRef = 83CFA08B2DE4EF1B00FEDC29 /* ArtGalleryAppUITests.swift */; };
		83CFA08E2DE4EF1B00FEDC29 /* ArtGalleryAppUITestsLaunchTests.swift in Sources */ = {isa = PBXBuildFile; fileRef = 83CFA08D2DE4EF1B00FEDC29 /* ArtGalleryAppUITestsLaunchTests.swift */; };
		83CFA09C2DE4F6B900FEDC29 /* HomeView.swift in Sources */ = {isa = PBXBuildFile; fileRef = 83CFA09B2DE4F6B900FEDC29 /* HomeView.swift */; };
		83CFA09F2DE4F9DA00FEDC29 /* Photo.swift in Sources */ = {isa = PBXBuildFile; fileRef = 83CFA09E2DE4F9DA00FEDC29 /* Photo.swift */; };
		83CFA0A22DE5140000FEDC29 /* HomeViewModel.swift in Sources */ = {isa = PBXBuildFile; fileRef = 83CFA0A12DE5140000FEDC29 /* HomeViewModel.swift */; };
		83CFA0A52DE5160400FEDC29 /* NetworkService.swift in Sources */ = {isa = PBXBuildFile; fileRef = 83CFA0A42DE5160400FEDC29 /* NetworkService.swift */; };
		83CFA0A82DE51CED00FEDC29 /* ViewCodeable.swift in Sources */ = {isa = PBXBuildFile; fileRef = 83CFA0A72DE51CED00FEDC29 /* ViewCodeable.swift */; };
		83CFA0AB2DE51F3C00FEDC29 /* Colors+Extension.swift in Sources */ = {isa = PBXBuildFile; fileRef = 83CFA0AA2DE51F3C00FEDC29 /* Colors+Extension.swift */; };
		83CFA0B22DE5212500FEDC29 /* Gilroy-Bold.ttf in Resources */ = {isa = PBXBuildFile; fileRef = 83CFA0B12DE5212200FEDC29 /* Gilroy-Bold.ttf */; };
		83CFA0B32DE5212800FEDC29 /* Gilroy-Heavy.ttf in Resources */ = {isa = PBXBuildFile; fileRef = 83CFA0B02DE5212200FEDC29 /* Gilroy-Heavy.ttf */; };
		83CFA0B42DE5212B00FEDC29 /* Gilroy-Light.ttf in Resources */ = {isa = PBXBuildFile; fileRef = 83CFA0AF2DE5212200FEDC29 /* Gilroy-Light.ttf */; };
		83CFA0B52DE5212E00FEDC29 /* Gilroy-Medium.ttf in Resources */ = {isa = PBXBuildFile; fileRef = 83CFA0AD2DE5212200FEDC29 /* Gilroy-Medium.ttf */; };
		83CFA0B62DE5213100FEDC29 /* Gilroy-Regular.ttf in Resources */ = {isa = PBXBuildFile; fileRef = 83CFA0AE2DE5212200FEDC29 /* Gilroy-Regular.ttf */; };
		83CFA0B82DE5214900FEDC29 /* UIFont+Extension.swift in Sources */ = {isa = PBXBuildFile; fileRef = 83CFA0B72DE5214900FEDC29 /* UIFont+Extension.swift */; };
		83CFA0BB2DE5243B00FEDC29 /* HorizontalPhotoCell.swift in Sources */ = {isa = PBXBuildFile; fileRef = 83CFA0BA2DE5243B00FEDC29 /* HorizontalPhotoCell.swift */; };
		83CFA0BF2DE5536000FEDC29 /* Secrets.xcconfig in Resources */ = {isa = PBXBuildFile; fileRef = 83CFA0BE2DE5536000FEDC29 /* Secrets.xcconfig */; };
		83CFA0C12DE557CC00FEDC29 /* PinterestLayout.swift in Sources */ = {isa = PBXBuildFile; fileRef = 83CFA0C02DE557CC00FEDC29 /* PinterestLayout.swift */; };
		83CFA0C32DE55F1000FEDC29 /* FavoritesManager.swift in Sources */ = {isa = PBXBuildFile; fileRef = 83CFA0C22DE55F1000FEDC29 /* FavoritesManager.swift */; };
/* End PBXBuildFile section */

/* Begin PBXContainerItemProxy section */
		83CFA07E2DE4EF1B00FEDC29 /* PBXContainerItemProxy */ = {
			isa = PBXContainerItemProxy;
			containerPortal = 83CFA05F2DE4EF1900FEDC29 /* Project object */;
			proxyType = 1;
			remoteGlobalIDString = 83CFA0662DE4EF1900FEDC29;
			remoteInfo = ArtGalleryApp;
		};
		83CFA0882DE4EF1B00FEDC29 /* PBXContainerItemProxy */ = {
			isa = PBXContainerItemProxy;
			containerPortal = 83CFA05F2DE4EF1900FEDC29 /* Project object */;
			proxyType = 1;
			remoteGlobalIDString = 83CFA0662DE4EF1900FEDC29;
			remoteInfo = ArtGalleryApp;
		};
/* End PBXContainerItemProxy section */

/* Begin PBXFileReference section */
		83CFA0672DE4EF1900FEDC29 /* ArtGalleryApp.app */ = {isa = PBXFileReference; explicitFileType = wrapper.application; includeInIndex = 0; path = ArtGalleryApp.app; sourceTree = BUILT_PRODUCTS_DIR; };
		83CFA06A2DE4EF1900FEDC29 /* AppDelegate.swift */ = {isa = PBXFileReference; lastKnownFileType = sourcecode.swift; path = AppDelegate.swift; sourceTree = "<group>"; };
		83CFA06C2DE4EF1900FEDC29 /* SceneDelegate.swift */ = {isa = PBXFileReference; lastKnownFileType = sourcecode.swift; path = SceneDelegate.swift; sourceTree = "<group>"; };
		83CFA06E2DE4EF1900FEDC29 /* HomeViewController.swift */ = {isa = PBXFileReference; lastKnownFileType = sourcecode.swift; path = HomeViewController.swift; sourceTree = "<group>"; };
		83CFA0732DE4EF1B00FEDC29 /* Assets.xcassets */ = {isa = PBXFileReference; lastKnownFileType = folder.assetcatalog; path = Assets.xcassets; sourceTree = "<group>"; };
		83CFA0762DE4EF1B00FEDC29 /* Base */ = {isa = PBXFileReference; lastKnownFileType = file.storyboard; name = Base; path = Base.lproj/LaunchScreen.storyboard; sourceTree = "<group>"; };
		83CFA0782DE4EF1B00FEDC29 /* Info.plist */ = {isa = PBXFileReference; lastKnownFileType = text.plist.xml; path = Info.plist; sourceTree = "<group>"; };
		83CFA07D2DE4EF1B00FEDC29 /* ArtGalleryAppTests.xctest */ = {isa = PBXFileReference; explicitFileType = wrapper.cfbundle; includeInIndex = 0; path = ArtGalleryAppTests.xctest; sourceTree = BUILT_PRODUCTS_DIR; };
		83CFA0812DE4EF1B00FEDC29 /* ArtGalleryAppTests.swift */ = {isa = PBXFileReference; lastKnownFileType = sourcecode.swift; path = ArtGalleryAppTests.swift; sourceTree = "<group>"; };
		83CFA0872DE4EF1B00FEDC29 /* ArtGalleryAppUITests.xctest */ = {isa = PBXFileReference; explicitFileType = wrapper.cfbundle; includeInIndex = 0; path = ArtGalleryAppUITests.xctest; sourceTree = BUILT_PRODUCTS_DIR; };
		83CFA08B2DE4EF1B00FEDC29 /* ArtGalleryAppUITests.swift */ = {isa = PBXFileReference; lastKnownFileType = sourcecode.swift; path = ArtGalleryAppUITests.swift; sourceTree = "<group>"; };
		83CFA08D2DE4EF1B00FEDC29 /* ArtGalleryAppUITestsLaunchTests.swift */ = {isa = PBXFileReference; lastKnownFileType = sourcecode.swift; path = ArtGalleryAppUITestsLaunchTests.swift; sourceTree = "<group>"; };
		83CFA09B2DE4F6B900FEDC29 /* HomeView.swift */ = {isa = PBXFileReference; lastKnownFileType = sourcecode.swift; path = HomeView.swift; sourceTree = "<group>"; };
		83CFA09E2DE4F9DA00FEDC29 /* Photo.swift */ = {isa = PBXFileReference; lastKnownFileType = sourcecode.swift; path = Photo.swift; sourceTree = "<group>"; };
		83CFA0A12DE5140000FEDC29 /* HomeViewModel.swift */ = {isa = PBXFileReference; lastKnownFileType = sourcecode.swift; path = HomeViewModel.swift; sourceTree = "<group>"; };
		83CFA0A42DE5160400FEDC29 /* NetworkService.swift */ = {isa = PBXFileReference; lastKnownFileType = sourcecode.swift; path = NetworkService.swift; sourceTree = "<group>"; };
		83CFA0A72DE51CED00FEDC29 /* ViewCodeable.swift */ = {isa = PBXFileReference; lastKnownFileType = sourcecode.swift; path = ViewCodeable.swift; sourceTree = "<group>"; };
		83CFA0AA2DE51F3C00FEDC29 /* Colors+Extension.swift */ = {isa = PBXFileReference; lastKnownFileType = sourcecode.swift; path = "Colors+Extension.swift"; sourceTree = "<group>"; };
		83CFA0AD2DE5212200FEDC29 /* Gilroy-Medium.ttf */ = {isa = PBXFileReference; lastKnownFileType = file; path = "Gilroy-Medium.ttf"; sourceTree = "<group>"; };
		83CFA0AE2DE5212200FEDC29 /* Gilroy-Regular.ttf */ = {isa = PBXFileReference; lastKnownFileType = file; path = "Gilroy-Regular.ttf"; sourceTree = "<group>"; };
		83CFA0AF2DE5212200FEDC29 /* Gilroy-Light.ttf */ = {isa = PBXFileReference; lastKnownFileType = file; path = "Gilroy-Light.ttf"; sourceTree = "<group>"; };
		83CFA0B02DE5212200FEDC29 /* Gilroy-Heavy.ttf */ = {isa = PBXFileReference; lastKnownFileType = file; path = "Gilroy-Heavy.ttf"; sourceTree = "<group>"; };
		83CFA0B12DE5212200FEDC29 /* Gilroy-Bold.ttf */ = {isa = PBXFileReference; lastKnownFileType = file; path = "Gilroy-Bold.ttf"; sourceTree = "<group>"; };
		83CFA0B72DE5214900FEDC29 /* UIFont+Extension.swift */ = {isa = PBXFileReference; lastKnownFileType = sourcecode.swift; path = "UIFont+Extension.swift"; sourceTree = "<group>"; };
		83CFA0BA2DE5243B00FEDC29 /* HorizontalPhotoCell.swift */ = {isa = PBXFileReference; lastKnownFileType = sourcecode.swift; path = HorizontalPhotoCell.swift; sourceTree = "<group>"; };
		83CFA0BE2DE5536000FEDC29 /* Secrets.xcconfig */ = {isa = PBXFileReference; lastKnownFileType = text.xcconfig; path = Secrets.xcconfig; sourceTree = "<group>"; };
		83CFA0C02DE557CC00FEDC29 /* PinterestLayout.swift */ = {isa = PBXFileReference; lastKnownFileType = sourcecode.swift; path = PinterestLayout.swift; sourceTree = "<group>"; };
		83CFA0C22DE55F1000FEDC29 /* FavoritesManager.swift */ = {isa = PBXFileReference; lastKnownFileType = sourcecode.swift; path = FavoritesManager.swift; sourceTree = "<group>"; };
/* End PBXFileReference section */

/* Begin PBXFrameworksBuildPhase section */
		83CFA0642DE4EF1900FEDC29 /* Frameworks */ = {
			isa = PBXFrameworksBuildPhase;
			buildActionMask = 2147483647;
			files = (
			);
			runOnlyForDeploymentPostprocessing = 0;
		};
		83CFA07A2DE4EF1B00FEDC29 /* Frameworks */ = {
			isa = PBXFrameworksBuildPhase;
			buildActionMask = 2147483647;
			files = (
			);
			runOnlyForDeploymentPostprocessing = 0;
		};
		83CFA0842DE4EF1B00FEDC29 /* Frameworks */ = {
			isa = PBXFrameworksBuildPhase;
			buildActionMask = 2147483647;
			files = (
			);
			runOnlyForDeploymentPostprocessing = 0;
		};
/* End PBXFrameworksBuildPhase section */

/* Begin PBXGroup section */
		83CFA05E2DE4EF1900FEDC29 = {
			isa = PBXGroup;
			children = (
				83CFA0692DE4EF1900FEDC29 /* ArtGalleryApp */,
				83CFA0802DE4EF1B00FEDC29 /* ArtGalleryAppTests */,
				83CFA08A2DE4EF1B00FEDC29 /* ArtGalleryAppUITests */,
				83CFA0682DE4EF1900FEDC29 /* Products */,
			);
			sourceTree = "<group>";
		};
		83CFA0682DE4EF1900FEDC29 /* Products */ = {
			isa = PBXGroup;
			children = (
				83CFA0672DE4EF1900FEDC29 /* ArtGalleryApp.app */,
				83CFA07D2DE4EF1B00FEDC29 /* ArtGalleryAppTests.xctest */,
				83CFA0872DE4EF1B00FEDC29 /* ArtGalleryAppUITests.xctest */,
			);
			name = Products;
			sourceTree = "<group>";
		};
		83CFA0692DE4EF1900FEDC29 /* ArtGalleryApp */ = {
			isa = PBXGroup;
			children = (
				83CFA0A62DE51CDD00FEDC29 /* Utils */,
				83CFA0A32DE515DB00FEDC29 /* Service */,
				83CFA09D2DE4F98600FEDC29 /* Model */,
				83CFA09A2DE4F6A500FEDC29 /* Home */,
				83CFA06A2DE4EF1900FEDC29 /* AppDelegate.swift */,
				83CFA06C2DE4EF1900FEDC29 /* SceneDelegate.swift */,
				83CFA0732DE4EF1B00FEDC29 /* Assets.xcassets */,
				83CFA0752DE4EF1B00FEDC29 /* LaunchScreen.storyboard */,
				83CFA0782DE4EF1B00FEDC29 /* Info.plist */,
				83CFA0BE2DE5536000FEDC29 /* Secrets.xcconfig */,
			);
			path = ArtGalleryApp;
			sourceTree = "<group>";
		};
		83CFA0802DE4EF1B00FEDC29 /* ArtGalleryAppTests */ = {
			isa = PBXGroup;
			children = (
				83CFA0812DE4EF1B00FEDC29 /* ArtGalleryAppTests.swift */,
			);
			path = ArtGalleryAppTests;
			sourceTree = "<group>";
		};
		83CFA08A2DE4EF1B00FEDC29 /* ArtGalleryAppUITests */ = {
			isa = PBXGroup;
			children = (
				83CFA08B2DE4EF1B00FEDC29 /* ArtGalleryAppUITests.swift */,
				83CFA08D2DE4EF1B00FEDC29 /* ArtGalleryAppUITestsLaunchTests.swift */,
			);
			path = ArtGalleryAppUITests;
			sourceTree = "<group>";
		};
		83CFA09A2DE4F6A500FEDC29 /* Home */ = {
			isa = PBXGroup;
			children = (
				83CFA0B92DE5242800FEDC29 /* Cell */,
				83CFA06E2DE4EF1900FEDC29 /* HomeViewController.swift */,
				83CFA09B2DE4F6B900FEDC29 /* HomeView.swift */,
				83CFA0A12DE5140000FEDC29 /* HomeViewModel.swift */,
			);
			path = Home;
			sourceTree = "<group>";
		};
		83CFA09D2DE4F98600FEDC29 /* Model */ = {
			isa = PBXGroup;
			children = (
				83CFA09E2DE4F9DA00FEDC29 /* Photo.swift */,
			);
			path = Model;
			sourceTree = "<group>";
		};
		83CFA0A32DE515DB00FEDC29 /* Service */ = {
			isa = PBXGroup;
			children = (
				83CFA0A42DE5160400FEDC29 /* NetworkService.swift */,
			);
			path = Service;
			sourceTree = "<group>";
		};
		83CFA0A62DE51CDD00FEDC29 /* Utils */ = {
			isa = PBXGroup;
			children = (
				83CFA0AC2DE5211100FEDC29 /* Fonts */,
				83CFA0A72DE51CED00FEDC29 /* ViewCodeable.swift */,
				83CFA0AA2DE51F3C00FEDC29 /* Colors+Extension.swift */,
				83CFA0C22DE55F1000FEDC29 /* FavoritesManager.swift */,
			);
			path = Utils;
			sourceTree = "<group>";
		};
		83CFA0AC2DE5211100FEDC29 /* Fonts */ = {
			isa = PBXGroup;
			children = (
				83CFA0B12DE5212200FEDC29 /* Gilroy-Bold.ttf */,
				83CFA0B02DE5212200FEDC29 /* Gilroy-Heavy.ttf */,
				83CFA0AF2DE5212200FEDC29 /* Gilroy-Light.ttf */,
				83CFA0AD2DE5212200FEDC29 /* Gilroy-Medium.ttf */,
				83CFA0AE2DE5212200FEDC29 /* Gilroy-Regular.ttf */,
				83CFA0B72DE5214900FEDC29 /* UIFont+Extension.swift */,
			);
			path = Fonts;
			sourceTree = "<group>";
		};
		83CFA0B92DE5242800FEDC29 /* Cell */ = {
			isa = PBXGroup;
			children = (
				83CFA0BA2DE5243B00FEDC29 /* HorizontalPhotoCell.swift */,
				83CFA0C02DE557CC00FEDC29 /* PinterestLayout.swift */,
			);
			path = Cell;
			sourceTree = "<group>";
		};
/* End PBXGroup section */

/* Begin PBXNativeTarget section */
		83CFA0662DE4EF1900FEDC29 /* ArtGalleryApp */ = {
			isa = PBXNativeTarget;
			buildConfigurationList = 83CFA0912DE4EF1B00FEDC29 /* Build configuration list for PBXNativeTarget "ArtGalleryApp" */;
			buildPhases = (
				83CFA0632DE4EF1900FEDC29 /* Sources */,
				83CFA0642DE4EF1900FEDC29 /* Frameworks */,
				83CFA0652DE4EF1900FEDC29 /* Resources */,
			);
			buildRules = (
			);
			dependencies = (
			);
			name = ArtGalleryApp;
			productName = ArtGalleryApp;
			productReference = 83CFA0672DE4EF1900FEDC29 /* ArtGalleryApp.app */;
			productType = "com.apple.product-type.application";
		};
		83CFA07C2DE4EF1B00FEDC29 /* ArtGalleryAppTests */ = {
			isa = PBXNativeTarget;
			buildConfigurationList = 83CFA0942DE4EF1B00FEDC29 /* Build configuration list for PBXNativeTarget "ArtGalleryAppTests" */;
			buildPhases = (
				83CFA0792DE4EF1B00FEDC29 /* Sources */,
				83CFA07A2DE4EF1B00FEDC29 /* Frameworks */,
				83CFA07B2DE4EF1B00FEDC29 /* Resources */,
			);
			buildRules = (
			);
			dependencies = (
				83CFA07F2DE4EF1B00FEDC29 /* PBXTargetDependency */,
			);
			name = ArtGalleryAppTests;
			productName = ArtGalleryAppTests;
			productReference = 83CFA07D2DE4EF1B00FEDC29 /* ArtGalleryAppTests.xctest */;
			productType = "com.apple.product-type.bundle.unit-test";
		};
		83CFA0862DE4EF1B00FEDC29 /* ArtGalleryAppUITests */ = {
			isa = PBXNativeTarget;
			buildConfigurationList = 83CFA0972DE4EF1B00FEDC29 /* Build configuration list for PBXNativeTarget "ArtGalleryAppUITests" */;
			buildPhases = (
				83CFA0832DE4EF1B00FEDC29 /* Sources */,
				83CFA0842DE4EF1B00FEDC29 /* Frameworks */,
				83CFA0852DE4EF1B00FEDC29 /* Resources */,
			);
			buildRules = (
			);
			dependencies = (
				83CFA0892DE4EF1B00FEDC29 /* PBXTargetDependency */,
			);
			name = ArtGalleryAppUITests;
			productName = ArtGalleryAppUITests;
			productReference = 83CFA0872DE4EF1B00FEDC29 /* ArtGalleryAppUITests.xctest */;
			productType = "com.apple.product-type.bundle.ui-testing";
		};
/* End PBXNativeTarget section */

/* Begin PBXProject section */
		83CFA05F2DE4EF1900FEDC29 /* Project object */ = {
			isa = PBXProject;
			attributes = {
				BuildIndependentTargetsInParallel = 1;
				LastSwiftUpdateCheck = 1540;
				LastUpgradeCheck = 1540;
				TargetAttributes = {
					83CFA0662DE4EF1900FEDC29 = {
						CreatedOnToolsVersion = 15.4;
					};
					83CFA07C2DE4EF1B00FEDC29 = {
						CreatedOnToolsVersion = 15.4;
						TestTargetID = 83CFA0662DE4EF1900FEDC29;
					};
					83CFA0862DE4EF1B00FEDC29 = {
						CreatedOnToolsVersion = 15.4;
						TestTargetID = 83CFA0662DE4EF1900FEDC29;
					};
				};
			};
			buildConfigurationList = 83CFA0622DE4EF1900FEDC29 /* Build configuration list for PBXProject "ArtGalleryApp" */;
			compatibilityVersion = "Xcode 14.0";
			developmentRegion = en;
			hasScannedForEncodings = 0;
			knownRegions = (
				en,
				Base,
			);
			mainGroup = 83CFA05E2DE4EF1900FEDC29;
			productRefGroup = 83CFA0682DE4EF1900FEDC29 /* Products */;
			projectDirPath = "";
			projectRoot = "";
			targets = (
				83CFA0662DE4EF1900FEDC29 /* ArtGalleryApp */,
				83CFA07C2DE4EF1B00FEDC29 /* ArtGalleryAppTests */,
				83CFA0862DE4EF1B00FEDC29 /* ArtGalleryAppUITests */,
			);
		};
/* End PBXProject section */

/* Begin PBXResourcesBuildPhase section */
		83CFA0652DE4EF1900FEDC29 /* Resources */ = {
			isa = PBXResourcesBuildPhase;
			buildActionMask = 2147483647;
			files = (
				83CFA0BF2DE5536000FEDC29 /* Secrets.xcconfig in Resources */,
				83CFA0B32DE5212800FEDC29 /* Gilroy-Heavy.ttf in Resources */,
				83CFA0B52DE5212E00FEDC29 /* Gilroy-Medium.ttf in Resources */,
				83CFA0B22DE5212500FEDC29 /* Gilroy-Bold.ttf in Resources */,
				83CFA0742DE4EF1B00FEDC29 /* Assets.xcassets in Resources */,
				83CFA0B42DE5212B00FEDC29 /* Gilroy-Light.ttf in Resources */,
				83CFA0B62DE5213100FEDC29 /* Gilroy-Regular.ttf in Resources */,
				83CFA0772DE4EF1B00FEDC29 /* Base in Resources */,
			);
			runOnlyForDeploymentPostprocessing = 0;
		};
		83CFA07B2DE4EF1B00FEDC29 /* Resources */ = {
			isa = PBXResourcesBuildPhase;
			buildActionMask = 2147483647;
			files = (
			);
			runOnlyForDeploymentPostprocessing = 0;
		};
		83CFA0852DE4EF1B00FEDC29 /* Resources */ = {
			isa = PBXResourcesBuildPhase;
			buildActionMask = 2147483647;
			files = (
			);
			runOnlyForDeploymentPostprocessing = 0;
		};
/* End PBXResourcesBuildPhase section */

/* Begin PBXSourcesBuildPhase section */
		83CFA0632DE4EF1900FEDC29 /* Sources */ = {
			isa = PBXSourcesBuildPhase;
			buildActionMask = 2147483647;
			files = (
				83CFA0C12DE557CC00FEDC29 /* PinterestLayout.swift in Sources */,
				83CFA0AB2DE51F3C00FEDC29 /* Colors+Extension.swift in Sources */,
				83CFA06F2DE4EF1900FEDC29 /* HomeViewController.swift in Sources */,
				83CFA0A82DE51CED00FEDC29 /* ViewCodeable.swift in Sources */,
				83CFA0A22DE5140000FEDC29 /* HomeViewModel.swift in Sources */,
				83CFA09C2DE4F6B900FEDC29 /* HomeView.swift in Sources */,
				83CFA09F2DE4F9DA00FEDC29 /* Photo.swift in Sources */,
				83CFA06B2DE4EF1900FEDC29 /* AppDelegate.swift in Sources */,
				83CFA06D2DE4EF1900FEDC29 /* SceneDelegate.swift in Sources */,
				83CFA0B82DE5214900FEDC29 /* UIFont+Extension.swift in Sources */,
				83CFA0BB2DE5243B00FEDC29 /* HorizontalPhotoCell.swift in Sources */,
				83CFA0C32DE55F1000FEDC29 /* FavoritesManager.swift in Sources */,
				83CFA0A52DE5160400FEDC29 /* NetworkService.swift in Sources */,
			);
			runOnlyForDeploymentPostprocessing = 0;
		};
		83CFA0792DE4EF1B00FEDC29 /* Sources */ = {
			isa = PBXSourcesBuildPhase;
			buildActionMask = 2147483647;
			files = (
				83CFA0822DE4EF1B00FEDC29 /* ArtGalleryAppTests.swift in Sources */,
			);
			runOnlyForDeploymentPostprocessing = 0;
		};
		83CFA0832DE4EF1B00FEDC29 /* Sources */ = {
			isa = PBXSourcesBuildPhase;
			buildActionMask = 2147483647;
			files = (
				83CFA08C2DE4EF1B00FEDC29 /* ArtGalleryAppUITests.swift in Sources */,
				83CFA08E2DE4EF1B00FEDC29 /* ArtGalleryAppUITestsLaunchTests.swift in Sources */,
			);
			runOnlyForDeploymentPostprocessing = 0;
		};
/* End PBXSourcesBuildPhase section */

/* Begin PBXTargetDependency section */
		83CFA07F2DE4EF1B00FEDC29 /* PBXTargetDependency */ = {
			isa = PBXTargetDependency;
			target = 83CFA0662DE4EF1900FEDC29 /* ArtGalleryApp */;
			targetProxy = 83CFA07E2DE4EF1B00FEDC29 /* PBXContainerItemProxy */;
		};
		83CFA0892DE4EF1B00FEDC29 /* PBXTargetDependency */ = {
			isa = PBXTargetDependency;
			target = 83CFA0662DE4EF1900FEDC29 /* ArtGalleryApp */;
			targetProxy = 83CFA0882DE4EF1B00FEDC29 /* PBXContainerItemProxy */;
		};
/* End PBXTargetDependency section */

/* Begin PBXVariantGroup section */
		83CFA0752DE4EF1B00FEDC29 /* LaunchScreen.storyboard */ = {
			isa = PBXVariantGroup;
			children = (
				83CFA0762DE4EF1B00FEDC29 /* Base */,
			);
			name = LaunchScreen.storyboard;
			sourceTree = "<group>";
		};
/* End PBXVariantGroup section */

/* Begin XCBuildConfiguration section */
		83CFA08F2DE4EF1B00FEDC29 /* Debug */ = {
			isa = XCBuildConfiguration;
			baseConfigurationReference = 83CFA0BE2DE5536000FEDC29 /* Secrets.xcconfig */;
			buildSettings = {
				ALWAYS_SEARCH_USER_PATHS = NO;
				ASSETCATALOG_COMPILER_GENERATE_SWIFT_ASSET_SYMBOL_EXTENSIONS = YES;
				CLANG_ANALYZER_NONNULL = YES;
				CLANG_ANALYZER_NUMBER_OBJECT_CONVERSION = YES_AGGRESSIVE;
				CLANG_CXX_LANGUAGE_STANDARD = "gnu++20";
				CLANG_ENABLE_MODULES = YES;
				CLANG_ENABLE_OBJC_ARC = YES;
				CLANG_ENABLE_OBJC_WEAK = YES;
				CLANG_WARN_BLOCK_CAPTURE_AUTORELEASING = YES;
				CLANG_WARN_BOOL_CONVERSION = YES;
				CLANG_WARN_COMMA = YES;
				CLANG_WARN_CONSTANT_CONVERSION = YES;
				CLANG_WARN_DEPRECATED_OBJC_IMPLEMENTATIONS = YES;
				CLANG_WARN_DIRECT_OBJC_ISA_USAGE = YES_ERROR;
				CLANG_WARN_DOCUMENTATION_COMMENTS = YES;
				CLANG_WARN_EMPTY_BODY = YES;
				CLANG_WARN_ENUM_CONVERSION = YES;
				CLANG_WARN_INFINITE_RECURSION = YES;
				CLANG_WARN_INT_CONVERSION = YES;
				CLANG_WARN_NON_LITERAL_NULL_CONVERSION = YES;
				CLANG_WARN_OBJC_IMPLICIT_RETAIN_SELF = YES;
				CLANG_WARN_OBJC_LITERAL_CONVERSION = YES;
				CLANG_WARN_OBJC_ROOT_CLASS = YES_ERROR;
				CLANG_WARN_QUOTED_INCLUDE_IN_FRAMEWORK_HEADER = YES;
				CLANG_WARN_RANGE_LOOP_ANALYSIS = YES;
				CLANG_WARN_STRICT_PROTOTYPES = YES;
				CLANG_WARN_SUSPICIOUS_MOVE = YES;
				CLANG_WARN_UNGUARDED_AVAILABILITY = YES_AGGRESSIVE;
				CLANG_WARN_UNREACHABLE_CODE = YES;
				CLANG_WARN__DUPLICATE_METHOD_MATCH = YES;
				COPY_PHASE_STRIP = NO;
				DEBUG_INFORMATION_FORMAT = dwarf;
				ENABLE_STRICT_OBJC_MSGSEND = YES;
				ENABLE_TESTABILITY = YES;
				ENABLE_USER_SCRIPT_SANDBOXING = YES;
				GCC_C_LANGUAGE_STANDARD = gnu17;
				GCC_DYNAMIC_NO_PIC = NO;
				GCC_NO_COMMON_BLOCKS = YES;
				GCC_OPTIMIZATION_LEVEL = 0;
				GCC_PREPROCESSOR_DEFINITIONS = (
					"DEBUG=1",
					"$(inherited)",
				);
				GCC_WARN_64_TO_32_BIT_CONVERSION = YES;
				GCC_WARN_ABOUT_RETURN_TYPE = YES_ERROR;
				GCC_WARN_UNDECLARED_SELECTOR = YES;
				GCC_WARN_UNINITIALIZED_AUTOS = YES_AGGRESSIVE;
				GCC_WARN_UNUSED_FUNCTION = YES;
				GCC_WARN_UNUSED_VARIABLE = YES;
				IPHONEOS_DEPLOYMENT_TARGET = 17.5;
				LOCALIZATION_PREFERS_STRING_CATALOGS = YES;
				MTL_ENABLE_DEBUG_INFO = INCLUDE_SOURCE;
				MTL_FAST_MATH = YES;
				ONLY_ACTIVE_ARCH = YES;
				SDKROOT = iphoneos;
				SWIFT_ACTIVE_COMPILATION_CONDITIONS = "DEBUG $(inherited)";
				SWIFT_OPTIMIZATION_LEVEL = "-Onone";
			};
			name = Debug;
		};
		83CFA0902DE4EF1B00FEDC29 /* Release */ = {
			isa = XCBuildConfiguration;
			baseConfigurationReference = 83CFA0BE2DE5536000FEDC29 /* Secrets.xcconfig */;
			buildSettings = {
				ALWAYS_SEARCH_USER_PATHS = NO;
				ASSETCATALOG_COMPILER_GENERATE_SWIFT_ASSET_SYMBOL_EXTENSIONS = YES;
				CLANG_ANALYZER_NONNULL = YES;
				CLANG_ANALYZER_NUMBER_OBJECT_CONVERSION = YES_AGGRESSIVE;
				CLANG_CXX_LANGUAGE_STANDARD = "gnu++20";
				CLANG_ENABLE_MODULES = YES;
				CLANG_ENABLE_OBJC_ARC = YES;
				CLANG_ENABLE_OBJC_WEAK = YES;
				CLANG_WARN_BLOCK_CAPTURE_AUTORELEASING = YES;
				CLANG_WARN_BOOL_CONVERSION = YES;
				CLANG_WARN_COMMA = YES;
				CLANG_WARN_CONSTANT_CONVERSION = YES;
				CLANG_WARN_DEPRECATED_OBJC_IMPLEMENTATIONS = YES;
				CLANG_WARN_DIRECT_OBJC_ISA_USAGE = YES_ERROR;
				CLANG_WARN_DOCUMENTATION_COMMENTS = YES;
				CLANG_WARN_EMPTY_BODY = YES;
				CLANG_WARN_ENUM_CONVERSION = YES;
				CLANG_WARN_INFINITE_RECURSION = YES;
				CLANG_WARN_INT_CONVERSION = YES;
				CLANG_WARN_NON_LITERAL_NULL_CONVERSION = YES;
				CLANG_WARN_OBJC_IMPLICIT_RETAIN_SELF = YES;
				CLANG_WARN_OBJC_LITERAL_CONVERSION = YES;
				CLANG_WARN_OBJC_ROOT_CLASS = YES_ERROR;
				CLANG_WARN_QUOTED_INCLUDE_IN_FRAMEWORK_HEADER = YES;
				CLANG_WARN_RANGE_LOOP_ANALYSIS = YES;
				CLANG_WARN_STRICT_PROTOTYPES = YES;
				CLANG_WARN_SUSPICIOUS_MOVE = YES;
				CLANG_WARN_UNGUARDED_AVAILABILITY = YES_AGGRESSIVE;
				CLANG_WARN_UNREACHABLE_CODE = YES;
				CLANG_WARN__DUPLICATE_METHOD_MATCH = YES;
				COPY_PHASE_STRIP = NO;
				DEBUG_INFORMATION_FORMAT = "dwarf-with-dsym";
				ENABLE_NS_ASSERTIONS = NO;
				ENABLE_STRICT_OBJC_MSGSEND = YES;
				ENABLE_USER_SCRIPT_SANDBOXING = YES;
				GCC_C_LANGUAGE_STANDARD = gnu17;
				GCC_NO_COMMON_BLOCKS = YES;
				GCC_WARN_64_TO_32_BIT_CONVERSION = YES;
				GCC_WARN_ABOUT_RETURN_TYPE = YES_ERROR;
				GCC_WARN_UNDECLARED_SELECTOR = YES;
				GCC_WARN_UNINITIALIZED_AUTOS = YES_AGGRESSIVE;
				GCC_WARN_UNUSED_FUNCTION = YES;
				GCC_WARN_UNUSED_VARIABLE = YES;
				IPHONEOS_DEPLOYMENT_TARGET = 17.5;
				LOCALIZATION_PREFERS_STRING_CATALOGS = YES;
				MTL_ENABLE_DEBUG_INFO = NO;
				MTL_FAST_MATH = YES;
				SDKROOT = iphoneos;
				SWIFT_COMPILATION_MODE = wholemodule;
				VALIDATE_PRODUCT = YES;
			};
			name = Release;
		};
		83CFA0922DE4EF1B00FEDC29 /* Debug */ = {
			isa = XCBuildConfiguration;
			baseConfigurationReference = 83CFA0BE2DE5536000FEDC29 /* Secrets.xcconfig */;
			buildSettings = {
				ASSETCATALOG_COMPILER_APPICON_NAME = AppIcon;
				ASSETCATALOG_COMPILER_GLOBAL_ACCENT_COLOR_NAME = AccentColor;
				CODE_SIGN_STYLE = Automatic;
				CURRENT_PROJECT_VERSION = 1;
				DEVELOPMENT_TEAM = WYT4L3DK87;
				GENERATE_INFOPLIST_FILE = YES;
				INFOPLIST_FILE = ArtGalleryApp/Info.plist;
				INFOPLIST_KEY_UIApplicationSupportsIndirectInputEvents = YES;
				INFOPLIST_KEY_UILaunchStoryboardName = LaunchScreen;
				INFOPLIST_KEY_UISupportedInterfaceOrientations_iPad = "UIInterfaceOrientationPortrait UIInterfaceOrientationPortraitUpsideDown UIInterfaceOrientationLandscapeLeft UIInterfaceOrientationLandscapeRight";
				INFOPLIST_KEY_UISupportedInterfaceOrientations_iPhone = "UIInterfaceOrientationPortrait UIInterfaceOrientationLandscapeLeft UIInterfaceOrientationLandscapeRight";
				LD_RUNPATH_SEARCH_PATHS = (
					"$(inherited)",
					"@executable_path/Frameworks",
				);
				MARKETING_VERSION = 1.0;
				PRODUCT_BUNDLE_IDENTIFIER = br.com.michellicristina.ArtGalleryApp;
				PRODUCT_NAME = "$(TARGET_NAME)";
				SUPPORTED_PLATFORMS = "iphoneos iphonesimulator";
				SUPPORTS_MACCATALYST = NO;
				SUPPORTS_MAC_DESIGNED_FOR_IPHONE_IPAD = NO;
				SUPPORTS_XR_DESIGNED_FOR_IPHONE_IPAD = NO;
				SWIFT_EMIT_LOC_STRINGS = YES;
				SWIFT_VERSION = 5.0;
				TARGETED_DEVICE_FAMILY = 1;
			};
			name = Debug;
		};
		83CFA0932DE4EF1B00FEDC29 /* Release */ = {
			isa = XCBuildConfiguration;
			baseConfigurationReference = 83CFA0BE2DE5536000FEDC29 /* Secrets.xcconfig */;
			buildSettings = {
				ASSETCATALOG_COMPILER_APPICON_NAME = AppIcon;
				ASSETCATALOG_COMPILER_GLOBAL_ACCENT_COLOR_NAME = AccentColor;
				CODE_SIGN_STYLE = Automatic;
				CURRENT_PROJECT_VERSION = 1;
				DEVELOPMENT_TEAM = WYT4L3DK87;
				GENERATE_INFOPLIST_FILE = YES;
				INFOPLIST_FILE = ArtGalleryApp/Info.plist;
				INFOPLIST_KEY_UIApplicationSupportsIndirectInputEvents = YES;
				INFOPLIST_KEY_UILaunchStoryboardName = LaunchScreen;
				INFOPLIST_KEY_UISupportedInterfaceOrientations_iPad = "UIInterfaceOrientationPortrait UIInterfaceOrientationPortraitUpsideDown UIInterfaceOrientationLandscapeLeft UIInterfaceOrientationLandscapeRight";
				INFOPLIST_KEY_UISupportedInterfaceOrientations_iPhone = "UIInterfaceOrientationPortrait UIInterfaceOrientationLandscapeLeft UIInterfaceOrientationLandscapeRight";
				LD_RUNPATH_SEARCH_PATHS = (
					"$(inherited)",
					"@executable_path/Frameworks",
				);
				MARKETING_VERSION = 1.0;
				PRODUCT_BUNDLE_IDENTIFIER = br.com.michellicristina.ArtGalleryApp;
				PRODUCT_NAME = "$(TARGET_NAME)";
				SUPPORTED_PLATFORMS = "iphoneos iphonesimulator";
				SUPPORTS_MACCATALYST = NO;
				SUPPORTS_MAC_DESIGNED_FOR_IPHONE_IPAD = NO;
				SUPPORTS_XR_DESIGNED_FOR_IPHONE_IPAD = NO;
				SWIFT_EMIT_LOC_STRINGS = YES;
				SWIFT_VERSION = 5.0;
				TARGETED_DEVICE_FAMILY = 1;
			};
			name = Release;
		};
		83CFA0952DE4EF1B00FEDC29 /* Debug */ = {
			isa = XCBuildConfiguration;
			baseConfigurationReference = 83CFA0BE2DE5536000FEDC29 /* Secrets.xcconfig */;
			buildSettings = {
				ALWAYS_EMBED_SWIFT_STANDARD_LIBRARIES = YES;
				BUNDLE_LOADER = "$(TEST_HOST)";
				CODE_SIGN_STYLE = Automatic;
				CURRENT_PROJECT_VERSION = 1;
				DEVELOPMENT_TEAM = WYT4L3DK87;
				GENERATE_INFOPLIST_FILE = YES;
				IPHONEOS_DEPLOYMENT_TARGET = 17.5;
				MARKETING_VERSION = 1.0;
				PRODUCT_BUNDLE_IDENTIFIER = br.com.michellicristina.ArtGalleryAppTests;
				PRODUCT_NAME = "$(TARGET_NAME)";
				SWIFT_EMIT_LOC_STRINGS = NO;
				SWIFT_VERSION = 5.0;
				TARGETED_DEVICE_FAMILY = "1,2";
				TEST_HOST = "$(BUILT_PRODUCTS_DIR)/ArtGalleryApp.app/$(BUNDLE_EXECUTABLE_FOLDER_PATH)/ArtGalleryApp";
			};
			name = Debug;
		};
		83CFA0962DE4EF1B00FEDC29 /* Release */ = {
			isa = XCBuildConfiguration;
			baseConfigurationReference = 83CFA0BE2DE5536000FEDC29 /* Secrets.xcconfig */;
			buildSettings = {
				ALWAYS_EMBED_SWIFT_STANDARD_LIBRARIES = YES;
				BUNDLE_LOADER = "$(TEST_HOST)";
				CODE_SIGN_STYLE = Automatic;
				CURRENT_PROJECT_VERSION = 1;
				DEVELOPMENT_TEAM = WYT4L3DK87;
				GENERATE_INFOPLIST_FILE = YES;
				IPHONEOS_DEPLOYMENT_TARGET = 17.5;
				MARKETING_VERSION = 1.0;
				PRODUCT_BUNDLE_IDENTIFIER = br.com.michellicristina.ArtGalleryAppTests;
				PRODUCT_NAME = "$(TARGET_NAME)";
				SWIFT_EMIT_LOC_STRINGS = NO;
				SWIFT_VERSION = 5.0;
				TARGETED_DEVICE_FAMILY = "1,2";
				TEST_HOST = "$(BUILT_PRODUCTS_DIR)/ArtGalleryApp.app/$(BUNDLE_EXECUTABLE_FOLDER_PATH)/ArtGalleryApp";
			};
			name = Release;
		};
		83CFA0982DE4EF1B00FEDC29 /* Debug */ = {
			isa = XCBuildConfiguration;
			baseConfigurationReference = 83CFA0BE2DE5536000FEDC29 /* Secrets.xcconfig */;
			buildSettings = {
				ALWAYS_EMBED_SWIFT_STANDARD_LIBRARIES = YES;
				CODE_SIGN_STYLE = Automatic;
				CURRENT_PROJECT_VERSION = 1;
				DEVELOPMENT_TEAM = WYT4L3DK87;
				GENERATE_INFOPLIST_FILE = YES;
				MARKETING_VERSION = 1.0;
				PRODUCT_BUNDLE_IDENTIFIER = br.com.michellicristina.ArtGalleryAppUITests;
				PRODUCT_NAME = "$(TARGET_NAME)";
				SWIFT_EMIT_LOC_STRINGS = NO;
				SWIFT_VERSION = 5.0;
				TARGETED_DEVICE_FAMILY = "1,2";
				TEST_TARGET_NAME = ArtGalleryApp;
			};
			name = Debug;
		};
		83CFA0992DE4EF1B00FEDC29 /* Release */ = {
			isa = XCBuildConfiguration;
			baseConfigurationReference = 83CFA0BE2DE5536000FEDC29 /* Secrets.xcconfig */;
			buildSettings = {
				ALWAYS_EMBED_SWIFT_STANDARD_LIBRARIES = YES;
				CODE_SIGN_STYLE = Automatic;
				CURRENT_PROJECT_VERSION = 1;
				DEVELOPMENT_TEAM = WYT4L3DK87;
				GENERATE_INFOPLIST_FILE = YES;
				MARKETING_VERSION = 1.0;
				PRODUCT_BUNDLE_IDENTIFIER = br.com.michellicristina.ArtGalleryAppUITests;
				PRODUCT_NAME = "$(TARGET_NAME)";
				SWIFT_EMIT_LOC_STRINGS = NO;
				SWIFT_VERSION = 5.0;
				TARGETED_DEVICE_FAMILY = "1,2";
				TEST_TARGET_NAME = ArtGalleryApp;
			};
			name = Release;
		};
/* End XCBuildConfiguration section */

/* Begin XCConfigurationList section */
		83CFA0622DE4EF1900FEDC29 /* Build configuration list for PBXProject "ArtGalleryApp" */ = {
			isa = XCConfigurationList;
			buildConfigurations = (
				83CFA08F2DE4EF1B00FEDC29 /* Debug */,
				83CFA0902DE4EF1B00FEDC29 /* Release */,
			);
			defaultConfigurationIsVisible = 0;
			defaultConfigurationName = Release;
		};
		83CFA0912DE4EF1B00FEDC29 /* Build configuration list for PBXNativeTarget "ArtGalleryApp" */ = {
			isa = XCConfigurationList;
			buildConfigurations = (
				83CFA0922DE4EF1B00FEDC29 /* Debug */,
				83CFA0932DE4EF1B00FEDC29 /* Release */,
			);
			defaultConfigurationIsVisible = 0;
			defaultConfigurationName = Release;
		};
		83CFA0942DE4EF1B00FEDC29 /* Build configuration list for PBXNativeTarget "ArtGalleryAppTests" */ = {
			isa = XCConfigurationList;
			buildConfigurations = (
				83CFA0952DE4EF1B00FEDC29 /* Debug */,
				83CFA0962DE4EF1B00FEDC29 /* Release */,
			);
			defaultConfigurationIsVisible = 0;
			defaultConfigurationName = Release;
		};
		83CFA0972DE4EF1B00FEDC29 /* Build configuration list for PBXNativeTarget "ArtGalleryAppUITests" */ = {
			isa = XCConfigurationList;
			buildConfigurations = (
				83CFA0982DE4EF1B00FEDC29 /* Debug */,
				83CFA0992DE4EF1B00FEDC29 /* Release */,
			);
			defaultConfigurationIsVisible = 0;
			defaultConfigurationName = Release;
		};
/* End XCConfigurationList section */
	};
	rootObject = 83CFA05F2DE4EF1900FEDC29 /* Project object */;
}
